PODS:
  - BEMCheckBox (1.2.1)
  - FlatUIKit (1.6.2)
  - Nimble (3.0.0)
  - Quick (0.9.1)
  - Realm (0.98.5):
    - Realm/Headers (= 0.98.5)
  - Realm/Headers (0.98.5)
  - RealmSwift (0.98.5):
    - Realm (= 0.98.5)

DEPENDENCIES:
  - BEMCheckBox
  - FlatUIKit
  - Nimble (= 3.0.0)
  - Quick (~> 0.9.0)
  - RealmSwift

SPEC CHECKSUMS:
  BEMCheckBox: 264b8b72aa92adbfefa265cc58a0cdb86b207b9f
  FlatUIKit: 1b41f0d4952ce8d970d8479ce79df54a960242c4
  Nimble: 4c353d43735b38b545cbb4cb91504588eb5de926
  Quick: a5221fc21788b6aeda934805e68b061839bc3165
  Realm: db08379969e45cea2edd1c3c0a090fe9e22d2d2f
  RealmSwift: cb11ad1c35e15dc982f2dbf5afe2a3124193a358

COCOAPODS: 0.39.0
